// !$*UTF8*$!
{
	archiveVersion = 1;
	classes = {
	};
	objectVersion = 56;
	objects = {

/* Begin PBXBuildFile section */
		F033AB572B26390F00EFAA9A /* YouShouldRestApp.swift in Sources */ = {isa = PBXBuildFile; fileRef = F033AB562B26390F00EFAA9A /* YouShouldRestApp.swift */; };
		F033AB592B26390F00EFAA9A /* ContentView.swift in Sources */ = {isa = PBXBuildFile; fileRef = F033AB582B26390F00EFAA9A /* ContentView.swift */; };
		F033AB5B2B26391000EFAA9A /* Assets.xcassets in Resources */ = {isa = PBXBuildFile; fileRef = F033AB5A2B26391000EFAA9A /* Assets.xcassets */; };
		F033AB5E2B26391000EFAA9A /* Preview Assets.xcassets in Resources */ = {isa = PBXBuildFile; fileRef = F033AB5D2B26391000EFAA9A /* Preview Assets.xcassets */; };
		F033AB682B26391000EFAA9A /* YouShouldRestTests.swift in Sources */ = {isa = PBXBuildFile; fileRef = F033AB672B26391000EFAA9A /* YouShouldRestTests.swift */; };
		F033AB722B26391000EFAA9A /* YouShouldRestUITests.swift in Sources */ = {isa = PBXBuildFile; fileRef = F033AB712B26391000EFAA9A /* YouShouldRestUITests.swift */; };
		F033AB742B26391000EFAA9A /* YouShouldRestUITestsLaunchTests.swift in Sources */ = {isa = PBXBuildFile; fileRef = F033AB732B26391000EFAA9A /* YouShouldRestUITestsLaunchTests.swift */; };
		F033AB812B2643F600EFAA9A /* SleepCalculator.mlmodel in Sources */ = {isa = PBXBuildFile; fileRef = F033AB802B2643F600EFAA9A /* SleepCalculator.mlmodel */; };
/* End PBXBuildFile section */

/* Begin PBXContainerItemProxy section */
		F033AB642B26391000EFAA9A /* PBXContainerItemProxy */ = {
			isa = PBXContainerItemProxy;
			containerPortal = F033AB4B2B26390F00EFAA9A /* Project object */;
			proxyType = 1;
			remoteGlobalIDString = F033AB522B26390F00EFAA9A;
			remoteInfo = YouShouldRest;
		};
		F033AB6E2B26391000EFAA9A /* PBXContainerItemProxy */ = {
			isa = PBXContainerItemProxy;
			containerPortal = F033AB4B2B26390F00EFAA9A /* Project object */;
			proxyType = 1;
			remoteGlobalIDString = F033AB522B26390F00EFAA9A;
			remoteInfo = YouShouldRest;
		};
/* End PBXContainerItemProxy section */

/* Begin PBXFileReference section */
		F033AB532B26390F00EFAA9A /* YouShouldRest.app */ = {isa = PBXFileReference; explicitFileType = wrapper.application; includeInIndex = 0; path = YouShouldRest.app; sourceTree = BUILT_PRODUCTS_DIR; };
		F033AB562B26390F00EFAA9A /* YouShouldRestApp.swift */ = {isa = PBXFileReference; lastKnownFileType = sourcecode.swift; path = YouShouldRestApp.swift; sourceTree = "<group>"; };
		F033AB582B26390F00EFAA9A /* ContentView.swift */ = {isa = PBXFileReference; lastKnownFileType = sourcecode.swift; path = ContentView.swift; sourceTree = "<group>"; };
		F033AB5A2B26391000EFAA9A /* Assets.xcassets */ = {isa = PBXFileReference; lastKnownFileType = folder.assetcatalog; path = Assets.xcassets; sourceTree = "<group>"; };
		F033AB5D2B26391000EFAA9A /* Preview Assets.xcassets */ = {isa = PBXFileReference; lastKnownFileType = folder.assetcatalog; path = "Preview Assets.xcassets"; sourceTree = "<group>"; };
		F033AB632B26391000EFAA9A /* YouShouldRestTests.xctest */ = {isa = PBXFileReference; explicitFileType = wrapper.cfbundle; includeInIndex = 0; path = YouShouldRestTests.xctest; sourceTree = BUILT_PRODUCTS_DIR; };
		F033AB672B26391000EFAA9A /* YouShouldRestTests.swift */ = {isa = PBXFileReference; lastKnownFileType = sourcecode.swift; path = YouShouldRestTests.swift; sourceTree = "<group>"; };
		F033AB6D2B26391000EFAA9A /* YouShouldRestUITests.xctest */ = {isa = PBXFileReference; explicitFileType = wrapper.cfbundle; includeInIndex = 0; path = YouShouldRestUITests.xctest; sourceTree = BUILT_PRODUCTS_DIR; };
		F033AB712B26391000EFAA9A /* YouShouldRestUITests.swift */ = {isa = PBXFileReference; lastKnownFileType = sourcecode.swift; path = YouShouldRestUITests.swift; sourceTree = "<group>"; };
		F033AB732B26391000EFAA9A /* YouShouldRestUITestsLaunchTests.swift */ = {isa = PBXFileReference; lastKnownFileType = sourcecode.swift; path = YouShouldRestUITestsLaunchTests.swift; sourceTree = "<group>"; };
		F033AB802B2643F600EFAA9A /* SleepCalculator.mlmodel */ = {isa = PBXFileReference; lastKnownFileType = file.mlmodel; path = SleepCalculator.mlmodel; sourceTree = SOURCE_ROOT; };
/* End PBXFileReference section */

/* Begin PBXFrameworksBuildPhase section */
		F033AB502B26390F00EFAA9A /* Frameworks */ = {
			isa = PBXFrameworksBuildPhase;
			buildActionMask = 2147483647;
			files = (
			);
			runOnlyForDeploymentPostprocessing = 0;
		};
		F033AB602B26391000EFAA9A /* Frameworks */ = {
			isa = PBXFrameworksBuildPhase;
			buildActionMask = 2147483647;
			files = (
			);
			runOnlyForDeploymentPostprocessing = 0;
		};
		F033AB6A2B26391000EFAA9A /* Frameworks */ = {
			isa = PBXFrameworksBuildPhase;
			buildActionMask = 2147483647;
			files = (
			);
			runOnlyForDeploymentPostprocessing = 0;
		};
/* End PBXFrameworksBuildPhase section */

/* Begin PBXGroup section */
		F033AB4A2B26390F00EFAA9A = {
			isa = PBXGroup;
			children = (
				F033AB552B26390F00EFAA9A /* YouShouldRest */,
				F033AB662B26391000EFAA9A /* YouShouldRestTests */,
				F033AB702B26391000EFAA9A /* YouShouldRestUITests */,
				F033AB542B26390F00EFAA9A /* Products */,
			);
			sourceTree = "<group>";
		};
		F033AB542B26390F00EFAA9A /* Products */ = {
			isa = PBXGroup;
			children = (
				F033AB532B26390F00EFAA9A /* YouShouldRest.app */,
				F033AB632B26391000EFAA9A /* YouShouldRestTests.xctest */,
				F033AB6D2B26391000EFAA9A /* YouShouldRestUITests.xctest */,
			);
			name = Products;
			sourceTree = "<group>";
		};
		F033AB552B26390F00EFAA9A /* YouShouldRest */ = {
			isa = PBXGroup;
			children = (
				F033AB562B26390F00EFAA9A /* YouShouldRestApp.swift */,
				F033AB582B26390F00EFAA9A /* ContentView.swift */,
				F033AB802B2643F600EFAA9A /* SleepCalculator.mlmodel */,
				F033AB5A2B26391000EFAA9A /* Assets.xcassets */,
				F033AB5C2B26391000EFAA9A /* Preview Content */,
			);
			path = YouShouldRest;
			sourceTree = "<group>";
		};
		F033AB5C2B26391000EFAA9A /* Preview Content */ = {
			isa = PBXGroup;
			children = (
				F033AB5D2B26391000EFAA9A /* Preview Assets.xcassets */,
			);
			path = "Preview Content";
			sourceTree = "<group>";
		};
		F033AB662B26391000EFAA9A /* YouShouldRestTests */ = {
			isa = PBXGroup;
			children = (
				F033AB672B26391000EFAA9A /* YouShouldRestTests.swift */,
			);
			path = YouShouldRestTests;
			sourceTree = "<group>";
		};
		F033AB702B26391000EFAA9A /* YouShouldRestUITests */ = {
			isa = PBXGroup;
			children = (
				F033AB712B26391000EFAA9A /* YouShouldRestUITests.swift */,
				F033AB732B26391000EFAA9A /* YouShouldRestUITestsLaunchTests.swift */,
			);
			path = YouShouldRestUITests;
			sourceTree = "<group>";
		};
/* End PBXGroup section */

/* Begin PBXNativeTarget section */
		F033AB522B26390F00EFAA9A /* YouShouldRest */ = {
			isa = PBXNativeTarget;
			buildConfigurationList = F033AB772B26391000EFAA9A /* Build configuration list for PBXNativeTarget "YouShouldRest" */;
			buildPhases = (
				F033AB4F2B26390F00EFAA9A /* Sources */,
				F033AB502B26390F00EFAA9A /* Frameworks */,
				F033AB512B26390F00EFAA9A /* Resources */,
			);
			buildRules = (
			);
			dependencies = (
			);
			name = YouShouldRest;
			productName = YouShouldRest;
			productReference = F033AB532B26390F00EFAA9A /* YouShouldRest.app */;
			productType = "com.apple.product-type.application";
		};
		F033AB622B26391000EFAA9A /* YouShouldRestTests */ = {
			isa = PBXNativeTarget;
			buildConfigurationList = F033AB7A2B26391000EFAA9A /* Build configuration list for PBXNativeTarget "YouShouldRestTests" */;
			buildPhases = (
				F033AB5F2B26391000EFAA9A /* Sources */,
				F033AB602B26391000EFAA9A /* Frameworks */,
				F033AB612B26391000EFAA9A /* Resources */,
			);
			buildRules = (
			);
			dependencies = (
				F033AB652B26391000EFAA9A /* PBXTargetDependency */,
			);
			name = YouShouldRestTests;
			productName = YouShouldRestTests;
			productReference = F033AB632B26391000EFAA9A /* YouShouldRestTests.xctest */;
			productType = "com.apple.product-type.bundle.unit-test";
		};
		F033AB6C2B26391000EFAA9A /* YouShouldRestUITests */ = {
			isa = PBXNativeTarget;
			buildConfigurationList = F033AB7D2B26391000EFAA9A /* Build configuration list for PBXNativeTarget "YouShouldRestUITests" */;
			buildPhases = (
				F033AB692B26391000EFAA9A /* Sources */,
				F033AB6A2B26391000EFAA9A /* Frameworks */,
				F033AB6B2B26391000EFAA9A /* Resources */,
			);
			buildRules = (
			);
			dependencies = (
				F033AB6F2B26391000EFAA9A /* PBXTargetDependency */,
			);
			name = YouShouldRestUITests;
			productName = YouShouldRestUITests;
			productReference = F033AB6D2B26391000EFAA9A /* YouShouldRestUITests.xctest */;
			productType = "com.apple.product-type.bundle.ui-testing";
		};
/* End PBXNativeTarget section */

/* Begin PBXProject section */
		F033AB4B2B26390F00EFAA9A /* Project object */ = {
			isa = PBXProject;
			attributes = {
				BuildIndependentTargetsInParallel = 1;
				LastSwiftUpdateCheck = 1430;
				LastUpgradeCheck = 1430;
				TargetAttributes = {
					F033AB522B26390F00EFAA9A = {
						CreatedOnToolsVersion = 14.3.1;
					};
					F033AB622B26391000EFAA9A = {
						CreatedOnToolsVersion = 14.3.1;
						TestTargetID = F033AB522B26390F00EFAA9A;
					};
					F033AB6C2B26391000EFAA9A = {
						CreatedOnToolsVersion = 14.3.1;
						TestTargetID = F033AB522B26390F00EFAA9A;
					};
				};
			};
			buildConfigurationList = F033AB4E2B26390F00EFAA9A /* Build configuration list for PBXProject "YouShouldRest" */;
			compatibilityVersion = "Xcode 14.0";
			developmentRegion = en;
			hasScannedForEncodings = 0;
			knownRegions = (
				en,
				Base,
			);
			mainGroup = F033AB4A2B26390F00EFAA9A;
			productRefGroup = F033AB542B26390F00EFAA9A /* Products */;
			projectDirPath = "";
			projectRoot = "";
			targets = (
				F033AB522B26390F00EFAA9A /* YouShouldRest */,
				F033AB622B26391000EFAA9A /* YouShouldRestTests */,
				F033AB6C2B26391000EFAA9A /* YouShouldRestUITests */,
			);
		};
/* End PBXProject section */

/* Begin PBXResourcesBuildPhase section */
		F033AB512B26390F00EFAA9A /* Resources */ = {
			isa = PBXResourcesBuildPhase;
			buildActionMask = 2147483647;
			files = (
				F033AB5E2B26391000EFAA9A /* Preview Assets.xcassets in Resources */,
				F033AB5B2B26391000EFAA9A /* Assets.xcassets in Resources */,
			);
			runOnlyForDeploymentPostprocessing = 0;
		};
		F033AB612B26391000EFAA9A /* Resources */ = {
			isa = PBXResourcesBuildPhase;
			buildActionMask = 2147483647;
			files = (
			);
			runOnlyForDeploymentPostprocessing = 0;
		};
		F033AB6B2B26391000EFAA9A /* Resources */ = {
			isa = PBXResourcesBuildPhase;
			buildActionMask = 2147483647;
			files = (
			);
			runOnlyForDeploymentPostprocessing = 0;
		};
/* End PBXResourcesBuildPhase section */

/* Begin PBXSourcesBuildPhase section */
		F033AB4F2B26390F00EFAA9A /* Sources */ = {
			isa = PBXSourcesBuildPhase;
			buildActionMask = 2147483647;
			files = (
				F033AB592B26390F00EFAA9A /* ContentView.swift in Sources */,
				F033AB812B2643F600EFAA9A /* SleepCalculator.mlmodel in Sources */,
				F033AB572B26390F00EFAA9A /* YouShouldRestApp.swift in Sources */,
			);
			runOnlyForDeploymentPostprocessing = 0;
		};
		F033AB5F2B26391000EFAA9A /* Sources */ = {
			isa = PBXSourcesBuildPhase;
			buildActionMask = 2147483647;
			files = (
				F033AB682B26391000EFAA9A /* YouShouldRestTests.swift in Sources */,
			);
			runOnlyForDeploymentPostprocessing = 0;
		};
		F033AB692B26391000EFAA9A /* Sources */ = {
			isa = PBXSourcesBuildPhase;
			buildActionMask = 2147483647;
			files = (
				F033AB722B26391000EFAA9A /* YouShouldRestUITests.swift in Sources */,
				F033AB742B26391000EFAA9A /* YouShouldRestUITestsLaunchTests.swift in Sources */,
			);
			runOnlyForDeploymentPostprocessing = 0;
		};
/* End PBXSourcesBuildPhase section */

/* Begin PBXTargetDependency section */
		F033AB652B26391000EFAA9A /* PBXTargetDependency */ = {
			isa = PBXTargetDependency;
			target = F033AB522B26390F00EFAA9A /* YouShouldRest */;
			targetProxy = F033AB642B26391000EFAA9A /* PBXContainerItemProxy */;
		};
		F033AB6F2B26391000EFAA9A /* PBXTargetDependency */ = {
			isa = PBXTargetDependency;
			target = F033AB522B26390F00EFAA9A /* YouShouldRest */;
			targetProxy = F033AB6E2B26391000EFAA9A /* PBXContainerItemProxy */;
		};
/* End PBXTargetDependency section */

/* Begin XCBuildConfiguration section */
		F033AB752B26391000EFAA9A /* Debug */ = {
			isa = XCBuildConfiguration;
			buildSettings = {
				ALWAYS_SEARCH_USER_PATHS = NO;
				CLANG_ANALYZER_NONNULL = YES;
				CLANG_ANALYZER_NUMBER_OBJECT_CONVERSION = YES_AGGRESSIVE;
				CLANG_CXX_LANGUAGE_STANDARD = "gnu++20";
				CLANG_ENABLE_MODULES = YES;
				CLANG_ENABLE_OBJC_ARC = YES;
				CLANG_ENABLE_OBJC_WEAK = YES;
				CLANG_WARN_BLOCK_CAPTURE_AUTORELEASING = YES;
				CLANG_WARN_BOOL_CONVERSION = YES;
				CLANG_WARN_COMMA = YES;
				CLANG_WARN_CONSTANT_CONVERSION = YES;
				CLANG_WARN_DEPRECATED_OBJC_IMPLEMENTATIONS = YES;
				CLANG_WARN_DIRECT_OBJC_ISA_USAGE = YES_ERROR;
				CLANG_WARN_DOCUMENTATION_COMMENTS = YES;
				CLANG_WARN_EMPTY_BODY = YES;
				CLANG_WARN_ENUM_CONVERSION = YES;
				CLANG_WARN_INFINITE_RECURSION = YES;
				CLANG_WARN_INT_CONVERSION = YES;
				CLANG_WARN_NON_LITERAL_NULL_CONVERSION = YES;
				CLANG_WARN_OBJC_IMPLICIT_RETAIN_SELF = YES;
				CLANG_WARN_OBJC_LITERAL_CONVERSION = YES;
				CLANG_WARN_OBJC_ROOT_CLASS = YES_ERROR;
				CLANG_WARN_QUOTED_INCLUDE_IN_FRAMEWORK_HEADER = YES;
				CLANG_WARN_RANGE_LOOP_ANALYSIS = YES;
				CLANG_WARN_STRICT_PROTOTYPES = YES;
				CLANG_WARN_SUSPICIOUS_MOVE = YES;
				CLANG_WARN_UNGUARDED_AVAILABILITY = YES_AGGRESSIVE;
				CLANG_WARN_UNREACHABLE_CODE = YES;
				CLANG_WARN__DUPLICATE_METHOD_MATCH = YES;
				COPY_PHASE_STRIP = NO;
				DEBUG_INFORMATION_FORMAT = dwarf;
				ENABLE_STRICT_OBJC_MSGSEND = YES;
				ENABLE_TESTABILITY = YES;
				GCC_C_LANGUAGE_STANDARD = gnu11;
				GCC_DYNAMIC_NO_PIC = NO;
				GCC_NO_COMMON_BLOCKS = YES;
				GCC_OPTIMIZATION_LEVEL = 0;
				GCC_PREPROCESSOR_DEFINITIONS = (
					"DEBUG=1",
					"$(inherited)",
				);
				GCC_WARN_64_TO_32_BIT_CONVERSION = YES;
				GCC_WARN_ABOUT_RETURN_TYPE = YES_ERROR;
				GCC_WARN_UNDECLARED_SELECTOR = YES;
				GCC_WARN_UNINITIALIZED_AUTOS = YES_AGGRESSIVE;
				GCC_WARN_UNUSED_FUNCTION = YES;
				GCC_WARN_UNUSED_VARIABLE = YES;
				IPHONEOS_DEPLOYMENT_TARGET = 16.4;
				MTL_ENABLE_DEBUG_INFO = INCLUDE_SOURCE;
				MTL_FAST_MATH = YES;
				ONLY_ACTIVE_ARCH = YES;
				SDKROOT = iphoneos;
				SWIFT_ACTIVE_COMPILATION_CONDITIONS = DEBUG;
				SWIFT_OPTIMIZATION_LEVEL = "-Onone";
			};
			name = Debug;
		};
		F033AB762B26391000EFAA9A /* Release */ = {
			isa = XCBuildConfiguration;
			buildSettings = {
				ALWAYS_SEARCH_USER_PATHS = NO;
				CLANG_ANALYZER_NONNULL = YES;
				CLANG_ANALYZER_NUMBER_OBJECT_CONVERSION = YES_AGGRESSIVE;
				CLANG_CXX_LANGUAGE_STANDARD = "gnu++20";
				CLANG_ENABLE_MODULES = YES;
				CLANG_ENABLE_OBJC_ARC = YES;
				CLANG_ENABLE_OBJC_WEAK = YES;
				CLANG_WARN_BLOCK_CAPTURE_AUTORELEASING = YES;
				CLANG_WARN_BOOL_CONVERSION = YES;
				CLANG_WARN_COMMA = YES;
				CLANG_WARN_CONSTANT_CONVERSION = YES;
				CLANG_WARN_DEPRECATED_OBJC_IMPLEMENTATIONS = YES;
				CLANG_WARN_DIRECT_OBJC_ISA_USAGE = YES_ERROR;
				CLANG_WARN_DOCUMENTATION_COMMENTS = YES;
				CLANG_WARN_EMPTY_BODY = YES;
				CLANG_WARN_ENUM_CONVERSION = YES;
				CLANG_WARN_INFINITE_RECURSION = YES;
				CLANG_WARN_INT_CONVERSION = YES;
				CLANG_WARN_NON_LITERAL_NULL_CONVERSION = YES;
				CLANG_WARN_OBJC_IMPLICIT_RETAIN_SELF = YES;
				CLANG_WARN_OBJC_LITERAL_CONVERSION = YES;
				CLANG_WARN_OBJC_ROOT_CLASS = YES_ERROR;
				CLANG_WARN_QUOTED_INCLUDE_IN_FRAMEWORK_HEADER = YES;
				CLANG_WARN_RANGE_LOOP_ANALYSIS = YES;
				CLANG_WARN_STRICT_PROTOTYPES = YES;
				CLANG_WARN_SUSPICIOUS_MOVE = YES;
				CLANG_WARN_UNGUARDED_AVAILABILITY = YES_AGGRESSIVE;
				CLANG_WARN_UNREACHABLE_CODE = YES;
				CLANG_WARN__DUPLICATE_METHOD_MATCH = YES;
				COPY_PHASE_STRIP = NO;
				DEBUG_INFORMATION_FORMAT = "dwarf-with-dsym";
				ENABLE_NS_ASSERTIONS = NO;
				ENABLE_STRICT_OBJC_MSGSEND = YES;
				GCC_C_LANGUAGE_STANDARD = gnu11;
				GCC_NO_COMMON_BLOCKS = YES;
				GCC_WARN_64_TO_32_BIT_CONVERSION = YES;
				GCC_WARN_ABOUT_RETURN_TYPE = YES_ERROR;
				GCC_WARN_UNDECLARED_SELECTOR = YES;
				GCC_WARN_UNINITIALIZED_AUTOS = YES_AGGRESSIVE;
				GCC_WARN_UNUSED_FUNCTION = YES;
				GCC_WARN_UNUSED_VARIABLE = YES;
				IPHONEOS_DEPLOYMENT_TARGET = 16.4;
				MTL_ENABLE_DEBUG_INFO = NO;
				MTL_FAST_MATH = YES;
				SDKROOT = iphoneos;
				SWIFT_COMPILATION_MODE = wholemodule;
				SWIFT_OPTIMIZATION_LEVEL = "-O";
				VALIDATE_PRODUCT = YES;
			};
			name = Release;
		};
		F033AB782B26391000EFAA9A /* Debug */ = {
			isa = XCBuildConfiguration;
			buildSettings = {
				ASSETCATALOG_COMPILER_APPICON_NAME = AppIcon;
				ASSETCATALOG_COMPILER_GLOBAL_ACCENT_COLOR_NAME = AccentColor;
				CODE_SIGN_STYLE = Automatic;
				CURRENT_PROJECT_VERSION = 1;
				DEVELOPMENT_ASSET_PATHS = "\"YouShouldRest/Preview Content\"";
				DEVELOPMENT_TEAM = 9FGCZRAZC6;
				ENABLE_PREVIEWS = YES;
				GENERATE_INFOPLIST_FILE = YES;
				INFOPLIST_KEY_UIApplicationSceneManifest_Generation = YES;
				INFOPLIST_KEY_UIApplicationSupportsIndirectInputEvents = YES;
				INFOPLIST_KEY_UILaunchScreen_Generation = YES;
				INFOPLIST_KEY_UISupportedInterfaceOrientations_iPad = "UIInterfaceOrientationPortrait UIInterfaceOrientationPortraitUpsideDown UIInterfaceOrientationLandscapeLeft UIInterfaceOrientationLandscapeRight";
				INFOPLIST_KEY_UISupportedInterfaceOrientations_iPhone = "UIInterfaceOrientationPortrait UIInterfaceOrientationLandscapeLeft UIInterfaceOrientationLandscapeRight";
				LD_RUNPATH_SEARCH_PATHS = (
					"$(inherited)",
					"@executable_path/Frameworks",
				);
				MARKETING_VERSION = 1.0;
				PRODUCT_BUNDLE_IDENTIFIER = brkdev.YouShouldRest;
				PRODUCT_NAME = "$(TARGET_NAME)";
				SWIFT_EMIT_LOC_STRINGS = YES;
				SWIFT_VERSION = 5.0;
				TARGETED_DEVICE_FAMILY = "1,2";
			};
			name = Debug;
		};
		F033AB792B26391000EFAA9A /* Release */ = {
			isa = XCBuildConfiguration;
			buildSettings = {
				ASSETCATALOG_COMPILER_APPICON_NAME = AppIcon;
				ASSETCATALOG_COMPILER_GLOBAL_ACCENT_COLOR_NAME = AccentColor;
				CODE_SIGN_STYLE = Automatic;
				CURRENT_PROJECT_VERSION = 1;
				DEVELOPMENT_ASSET_PATHS = "\"YouShouldRest/Preview Content\"";
				DEVELOPMENT_TEAM = 9FGCZRAZC6;
				ENABLE_PREVIEWS = YES;
				GENERATE_INFOPLIST_FILE = YES;
				INFOPLIST_KEY_UIApplicationSceneManifest_Generation = YES;
				INFOPLIST_KEY_UIApplicationSupportsIndirectInputEvents = YES;
				INFOPLIST_KEY_UILaunchScreen_Generation = YES;
				INFOPLIST_KEY_UISupportedInterfaceOrientations_iPad = "UIInterfaceOrientationPortrait UIInterfaceOrientationPortraitUpsideDown UIInterfaceOrientationLandscapeLeft UIInterfaceOrientationLandscapeRight";
				INFOPLIST_KEY_UISupportedInterfaceOrientations_iPhone = "UIInterfaceOrientationPortrait UIInterfaceOrientationLandscapeLeft UIInterfaceOrientationLandscapeRight";
				LD_RUNPATH_SEARCH_PATHS = (
					"$(inherited)",
					"@executable_path/Frameworks",
				);
				MARKETING_VERSION = 1.0;
				PRODUCT_BUNDLE_IDENTIFIER = brkdev.YouShouldRest;
				PRODUCT_NAME = "$(TARGET_NAME)";
				SWIFT_EMIT_LOC_STRINGS = YES;
				SWIFT_VERSION = 5.0;
				TARGETED_DEVICE_FAMILY = "1,2";
			};
			name = Release;
		};
		F033AB7B2B26391000EFAA9A /* Debug */ = {
			isa = XCBuildConfiguration;
			buildSettings = {
				ALWAYS_EMBED_SWIFT_STANDARD_LIBRARIES = YES;
				BUNDLE_LOADER = "$(TEST_HOST)";
				CODE_SIGN_STYLE = Automatic;
				CURRENT_PROJECT_VERSION = 1;
				DEVELOPMENT_TEAM = 9FGCZRAZC6;
				GENERATE_INFOPLIST_FILE = YES;
				IPHONEOS_DEPLOYMENT_TARGET = 16.4;
				MARKETING_VERSION = 1.0;
				PRODUCT_BUNDLE_IDENTIFIER = brkdev.YouShouldRestTests;
				PRODUCT_NAME = "$(TARGET_NAME)";
				SWIFT_EMIT_LOC_STRINGS = NO;
				SWIFT_VERSION = 5.0;
				TARGETED_DEVICE_FAMILY = "1,2";
				TEST_HOST = "$(BUILT_PRODUCTS_DIR)/YouShouldRest.app/$(BUNDLE_EXECUTABLE_FOLDER_PATH)/YouShouldRest";
			};
			name = Debug;
		};
		F033AB7C2B26391000EFAA9A /* Release */ = {
			isa = XCBuildConfiguration;
			buildSettings = {
				ALWAYS_EMBED_SWIFT_STANDARD_LIBRARIES = YES;
				BUNDLE_LOADER = "$(TEST_HOST)";
				CODE_SIGN_STYLE = Automatic;
				CURRENT_PROJECT_VERSION = 1;
				DEVELOPMENT_TEAM = 9FGCZRAZC6;
				GENERATE_INFOPLIST_FILE = YES;
				IPHONEOS_DEPLOYMENT_TARGET = 16.4;
				MARKETING_VERSION = 1.0;
				PRODUCT_BUNDLE_IDENTIFIER = brkdev.YouShouldRestTests;
				PRODUCT_NAME = "$(TARGET_NAME)";
				SWIFT_EMIT_LOC_STRINGS = NO;
				SWIFT_VERSION = 5.0;
				TARGETED_DEVICE_FAMILY = "1,2";
				TEST_HOST = "$(BUILT_PRODUCTS_DIR)/YouShouldRest.app/$(BUNDLE_EXECUTABLE_FOLDER_PATH)/YouShouldRest";
			};
			name = Release;
		};
		F033AB7E2B26391000EFAA9A /* Debug */ = {
			isa = XCBuildConfiguration;
			buildSettings = {
				ALWAYS_EMBED_SWIFT_STANDARD_LIBRARIES = YES;
				CODE_SIGN_STYLE = Automatic;
				CURRENT_PROJECT_VERSION = 1;
				DEVELOPMENT_TEAM = 9FGCZRAZC6;
				GENERATE_INFOPLIST_FILE = YES;
				MARKETING_VERSION = 1.0;
				PRODUCT_BUNDLE_IDENTIFIER = brkdev.YouShouldRestUITests;
				PRODUCT_NAME = "$(TARGET_NAME)";
				SWIFT_EMIT_LOC_STRINGS = NO;
				SWIFT_VERSION = 5.0;
				TARGETED_DEVICE_FAMILY = "1,2";
				TEST_TARGET_NAME = YouShouldRest;
			};
			name = Debug;
		};
		F033AB7F2B26391000EFAA9A /* Release */ = {
			isa = XCBuildConfiguration;
			buildSettings = {
				ALWAYS_EMBED_SWIFT_STANDARD_LIBRARIES = YES;
				CODE_SIGN_STYLE = Automatic;
				CURRENT_PROJECT_VERSION = 1;
				DEVELOPMENT_TEAM = 9FGCZRAZC6;
				GENERATE_INFOPLIST_FILE = YES;
				MARKETING_VERSION = 1.0;
				PRODUCT_BUNDLE_IDENTIFIER = brkdev.YouShouldRestUITests;
				PRODUCT_NAME = "$(TARGET_NAME)";
				SWIFT_EMIT_LOC_STRINGS = NO;
				SWIFT_VERSION = 5.0;
				TARGETED_DEVICE_FAMILY = "1,2";
				TEST_TARGET_NAME = YouShouldRest;
			};
			name = Release;
		};
/* End XCBuildConfiguration section */

/* Begin XCConfigurationList section */
		F033AB4E2B26390F00EFAA9A /* Build configuration list for PBXProject "YouShouldRest" */ = {
			isa = XCConfigurationList;
			buildConfigurations = (
				F033AB752B26391000EFAA9A /* Debug */,
				F033AB762B26391000EFAA9A /* Release */,
			);
			defaultConfigurationIsVisible = 0;
			defaultConfigurationName = Release;
		};
		F033AB772B26391000EFAA9A /* Build configuration list for PBXNativeTarget "YouShouldRest" */ = {
			isa = XCConfigurationList;
			buildConfigurations = (
				F033AB782B26391000EFAA9A /* Debug */,
				F033AB792B26391000EFAA9A /* Release */,
			);
			defaultConfigurationIsVisible = 0;
			defaultConfigurationName = Release;
		};
		F033AB7A2B26391000EFAA9A /* Build configuration list for PBXNativeTarget "YouShouldRestTests" */ = {
			isa = XCConfigurationList;
			buildConfigurations = (
				F033AB7B2B26391000EFAA9A /* Debug */,
				F033AB7C2B26391000EFAA9A /* Release */,
			);
			defaultConfigurationIsVisible = 0;
			defaultConfigurationName = Release;
		};
		F033AB7D2B26391000EFAA9A /* Build configuration list for PBXNativeTarget "YouShouldRestUITests" */ = {
			isa = XCConfigurationList;
			buildConfigurations = (
				F033AB7E2B26391000EFAA9A /* Debug */,
				F033AB7F2B26391000EFAA9A /* Release */,
			);
			defaultConfigurationIsVisible = 0;
			defaultConfigurationName = Release;
		};
/* End XCConfigurationList section */
	};
	rootObject = F033AB4B2B26390F00EFAA9A /* Project object */;
}
